<?xml version="1.0" encoding="utf-8"?>
<Project ToolsVersion="4.0" xmlns="http://schemas.microsoft.com/developer/msbuild/2003">
  <ItemGroup>
    <Filter Include="win32">
      <UniqueIdentifier>{84a8ebd7-7cf0-47f6-b75e-d441df67da40}</UniqueIdentifier>
    </Filter>
    <Filter Include="resource">
      <UniqueIdentifier>{715254bc-d70b-4ec5-bf29-467dd3ace079}</UniqueIdentifier>
    </Filter>
    <Filter Include="src">
      <UniqueIdentifier>{bb6c862e-70e9-49d9-81b7-3829a6f50471}</UniqueIdentifier>
    </Filter>
    <Filter Include="src\inputController">
      <UniqueIdentifier>{f2f17b3f-cdf6-4dae-9c3d-81e5ba4349f5}</UniqueIdentifier>
    </Filter>
    <Filter Include="src\inputController\keyboard">
      <UniqueIdentifier>{3e65e9f8-2ec8-4250-b4a2-59144edf4b25}</UniqueIdentifier>
    </Filter>
    <Filter Include="src\gameplay">
      <UniqueIdentifier>{3f7b34b6-2bf7-4b00-86e4-0c93def0c8fb}</UniqueIdentifier>
    </Filter>
    <Filter Include="src\mainMenu">
      <UniqueIdentifier>{cb37749c-bf9c-4796-b4fc-3d3c3b3faf23}</UniqueIdentifier>
    </Filter>
    <Filter Include="src\gameplay\actors">
      <UniqueIdentifier>{65be3844-414e-417b-8776-62d2a2e6ac06}</UniqueIdentifier>
    </Filter>
    <Filter Include="src\gameplay\actors\hero">
      <UniqueIdentifier>{8c42526e-5377-4290-b4fc-953fe7e38137}</UniqueIdentifier>
    </Filter>
    <Filter Include="src\gameplay\actors\actions">
      <UniqueIdentifier>{95b0d67d-519b-4695-ba9d-a2cc91000c3a}</UniqueIdentifier>
    </Filter>
    <Filter Include="src\gameplay\scene">
      <UniqueIdentifier>{ed91fb64-0fa3-4a30-99fa-b51e7868221b}</UniqueIdentifier>
    </Filter>
    <Filter Include="src\gameplay\actors\baseActor">
      <UniqueIdentifier>{ae208004-095e-4d2c-85fc-88a373c82ee5}</UniqueIdentifier>
    </Filter>
    <Filter Include="src\gameplay\collision">
      <UniqueIdentifier>{c1a5262b-7375-4eba-8d07-d243c32d4000}</UniqueIdentifier>
    </Filter>
    <Filter Include="src\gameplay\weapon">
      <UniqueIdentifier>{d9e151c5-d571-4d4c-8c3c-bab4414d5ae8}</UniqueIdentifier>
    </Filter>
    <Filter Include="src\gameplay\weapon\bullet">
      <UniqueIdentifier>{5ee15ef1-32f5-42ff-adf4-2e87fa36f667}</UniqueIdentifier>
    </Filter>
    <Filter Include="src\gameplay\actors\monster">
      <UniqueIdentifier>{6553a0b5-faf1-43a5-9419-3cf86e03725b}</UniqueIdentifier>
    </Filter>
    <Filter Include="src\gameplay\weapon\abstract">
      <UniqueIdentifier>{d03bb353-d9da-475b-8f6d-ead0125d072c}</UniqueIdentifier>
    </Filter>
    <Filter Include="src\factories">
      <UniqueIdentifier>{2590c40f-85e9-4251-85db-6fc07ca97719}</UniqueIdentifier>
    </Filter>
    <Filter Include="src\factories\actors">
      <UniqueIdentifier>{f7ac8d16-9c6f-43ac-8bd3-bf7acd19ab56}</UniqueIdentifier>
    </Filter>
    <Filter Include="src\factories\weapons">
      <UniqueIdentifier>{cd2fde50-d72b-4773-9068-f87729e0b5ac}</UniqueIdentifier>
    </Filter>
    <Filter Include="src\factories\bullets">
      <UniqueIdentifier>{a850b070-34bf-4eb9-ac35-542a2d5bcc61}</UniqueIdentifier>
    </Filter>
    <Filter Include="src\gameplay\weapon\range">
      <UniqueIdentifier>{e94068d9-3b55-4711-81c5-3959a8aa1979}</UniqueIdentifier>
    </Filter>
    <Filter Include="src\gameplay\weapon\melee">
      <UniqueIdentifier>{a28eac0a-b70a-4494-aa38-67fc5481f8c9}</UniqueIdentifier>
    </Filter>
    <Filter Include="src\gameplay\waves">
      <UniqueIdentifier>{f0d2f3a0-0029-4214-b724-360f815b006d}</UniqueIdentifier>
    </Filter>
  </ItemGroup>
  <ItemGroup>
    <ClCompile Include="main.cpp">
      <Filter>win32</Filter>
    </ClCompile>
    <ClCompile Include="..\Classes\AppDelegate.cpp">
      <Filter>src</Filter>
    </ClCompile>
    <ClCompile Include="..\Classes\KeyboardController.cpp">
      <Filter>src\inputController\keyboard</Filter>
    </ClCompile>
    <ClCompile Include="..\Classes\Hero.cpp">
      <Filter>src\gameplay\actors\hero</Filter>
    </ClCompile>
    <ClCompile Include="..\Classes\ActionsController.cpp">
      <Filter>src\gameplay\actors\actions</Filter>
    </ClCompile>
    <ClCompile Include="..\Classes\GameActor.cpp">
      <Filter>src\gameplay\actors\baseActor</Filter>
    </ClCompile>
    <ClCompile Include="..\Classes\CollisionController.cpp">
      <Filter>src\gameplay\collision</Filter>
    </ClCompile>
    <ClCompile Include="..\Classes\Monster.cpp">
      <Filter>src\gameplay\actors\monster</Filter>
    </ClCompile>
    <ClCompile Include="..\Classes\AbstractWeapon.cpp">
      <Filter>src\gameplay\weapon\abstract</Filter>
    </ClCompile>
    <ClCompile Include="..\Classes\MeleeWeapon.cpp">
      <Filter>src\gameplay\weapon\melee</Filter>
    </ClCompile>
    <ClCompile Include="..\Classes\ActorFactory.cpp">
      <Filter>src\factories\actors</Filter>
    </ClCompile>
    <ClCompile Include="..\Classes\BulletFactory.cpp">
      <Filter>src\factories\bullets</Filter>
    </ClCompile>
    <ClCompile Include="..\Classes\WeaponFactory.cpp">
      <Filter>src\factories\weapons</Filter>
    </ClCompile>
    <ClCompile Include="..\Classes\GameplayLayer.cpp">
      <Filter>src\gameplay\scene</Filter>
    </ClCompile>
    <ClCompile Include="..\Classes\MainMenuLayer.cpp">
      <Filter>src\mainMenu</Filter>
    </ClCompile>
    <ClCompile Include="..\Classes\RangeWeapon.cpp">
      <Filter>src\gameplay\weapon\range</Filter>
    </ClCompile>
    <ClCompile Include="..\Classes\MonsterWave.cpp">
      <Filter>src\gameplay\waves</Filter>
    </ClCompile>
    <ClCompile Include="..\Classes\ActorConfig.cpp">
      <Filter>src\gameplay\waves</Filter>
    </ClCompile>
  </ItemGroup>
  <ItemGroup>
    <ClInclude Include="main.h">
      <Filter>win32</Filter>
    </ClInclude>
    <ClInclude Include="..\Classes\AppDelegate.h">
      <Filter>src</Filter>
    </ClInclude>
    <ClInclude Include="..\Classes\KeyboardController.h">
      <Filter>src\inputController\keyboard</Filter>
    </ClInclude>
    <ClInclude Include="..\Classes\Hero.h">
      <Filter>src\gameplay\actors\hero</Filter>
    </ClInclude>
    <ClInclude Include="..\Classes\AssetConstants.h">
      <Filter>src</Filter>
    </ClInclude>
    <ClInclude Include="..\Classes\ActionsController.h">
      <Filter>src\gameplay\actors\actions</Filter>
    </ClInclude>
    <ClInclude Include="..\Classes\GameActor.h">
      <Filter>src\gameplay\actors\baseActor</Filter>
    </ClInclude>
    <ClInclude Include="..\Classes\Bullet.h">
      <Filter>src\gameplay\weapon\bullet</Filter>
    </ClInclude>
    <ClInclude Include="..\Classes\CollisionBitMasks.h">
      <Filter>src\gameplay\collision</Filter>
    </ClInclude>
    <ClInclude Include="..\Classes\CollisionController.h">
      <Filter>src\gameplay\collision</Filter>
    </ClInclude>
    <ClInclude Include="..\Classes\Monster.h">
      <Filter>src\gameplay\actors\monster</Filter>
    </ClInclude>
    <ClInclude Include="..\Classes\AbstractWeapon.h">
      <Filter>src\gameplay\weapon\abstract</Filter>
    </ClInclude>
    <ClInclude Include="..\Classes\MeleeWeapon.h">
      <Filter>src\gameplay\weapon\melee</Filter>
    </ClInclude>
    <ClInclude Include="..\Classes\ActorFactory.h">
      <Filter>src\factories\actors</Filter>
    </ClInclude>
    <ClInclude Include="..\Classes\WeaponFactory.h">
      <Filter>src\factories\weapons</Filter>
    </ClInclude>
    <ClInclude Include="..\Classes\BulletFactory.h">
      <Filter>src\factories\bullets</Filter>
    </ClInclude>
    <ClInclude Include="..\Classes\GameNodeFactory.h">
      <Filter>src\factories</Filter>
    </ClInclude>
    <ClInclude Include="..\Classes\GameplayLayer.h">
      <Filter>src\gameplay\scene</Filter>
    </ClInclude>
    <ClInclude Include="..\Classes\MainMenuLayer.h">
      <Filter>src\mainMenu</Filter>
    </ClInclude>
    <ClInclude Include="..\Classes\RangeWeapon.h">
      <Filter>src\gameplay\weapon\range</Filter>
    </ClInclude>
    <ClInclude Include="..\Classes\MonsterWave.h">
      <Filter>src\gameplay\waves</Filter>
    </ClInclude>
    <ClInclude Include="..\Classes\ActorConfig.h">
      <Filter>src\gameplay\waves</Filter>
    </ClInclude>
    <ClInclude Include="..\Classes\ActorType.h">
      <Filter>src\gameplay\actors\baseActor</Filter>
    </ClInclude>
  </ItemGroup>
  <ItemGroup>
    <ResourceCompile Include="game.rc">
      <Filter>resource</Filter>
    </ResourceCompile>
  </ItemGroup>
</Project>