<?xml version="1.0" encoding="utf-8"?>
<Project ToolsVersion="4.0" xmlns="http://schemas.microsoft.com/developer/msbuild/2003">
  <ItemGroup>
    <Filter Include="win32">
      <UniqueIdentifier>{84a8ebd7-7cf0-47f6-b75e-d441df67da40}</UniqueIdentifier>
    </Filter>
    <Filter Include="resource">
      <UniqueIdentifier>{715254bc-d70b-4ec5-bf29-467dd3ace079}</UniqueIdentifier>
    </Filter>
    <Filter Include="src">
      <UniqueIdentifier>{bb6c862e-70e9-49d9-81b7-3829a6f50471}</UniqueIdentifier>
    </Filter>
    <Filter Include="src\inputController">
      <UniqueIdentifier>{f2f17b3f-cdf6-4dae-9c3d-81e5ba4349f5}</UniqueIdentifier>
    </Filter>
    <Filter Include="src\inputController\keyboard">
      <UniqueIdentifier>{3e65e9f8-2ec8-4250-b4a2-59144edf4b25}</UniqueIdentifier>
    </Filter>
    <Filter Include="src\gameplay">
      <UniqueIdentifier>{3f7b34b6-2bf7-4b00-86e4-0c93def0c8fb}</UniqueIdentifier>
    </Filter>
    <Filter Include="src\mainMenu">
      <UniqueIdentifier>{cb37749c-bf9c-4796-b4fc-3d3c3b3faf23}</UniqueIdentifier>
    </Filter>
    <Filter Include="src\gameplay\Actors">
      <UniqueIdentifier>{65be3844-414e-417b-8776-62d2a2e6ac06}</UniqueIdentifier>
    </Filter>
  </ItemGroup>
  <ItemGroup>
    <ClCompile Include="main.cpp">
      <Filter>win32</Filter>
    </ClCompile>
    <ClCompile Include="..\Classes\AppDelegate.cpp">
      <Filter>src</Filter>
    </ClCompile>
    <ClCompile Include="..\Classes\MainMenuScene.cpp">
      <Filter>src\mainMenu</Filter>
    </ClCompile>
    <ClCompile Include="..\Classes\KeyboardController.cpp">
      <Filter>src\inputController\keyboard</Filter>
    </ClCompile>
    <ClCompile Include="..\Classes\GameplayScene.cpp">
      <Filter>src\gameplay</Filter>
    </ClCompile>
    <ClCompile Include="..\Classes\GameActor.cpp">
      <Filter>src\gameplay\Actors</Filter>
    </ClCompile>
  </ItemGroup>
  <ItemGroup>
    <ClInclude Include="main.h">
      <Filter>win32</Filter>
    </ClInclude>
    <ClInclude Include="..\Classes\AppDelegate.h">
      <Filter>src</Filter>
    </ClInclude>
    <ClInclude Include="..\Classes\MainMenuScene.h">
      <Filter>src\mainMenu</Filter>
    </ClInclude>
    <ClInclude Include="..\Classes\KeyboardController.h">
      <Filter>src\inputController\keyboard</Filter>
    </ClInclude>
    <ClInclude Include="..\Classes\GameplayScene.h">
      <Filter>src\gameplay</Filter>
    </ClInclude>
    <ClInclude Include="..\Classes\GameActor.h">
      <Filter>src\gameplay\Actors</Filter>
    </ClInclude>
  </ItemGroup>
  <ItemGroup>
    <ResourceCompile Include="game.rc">
      <Filter>resource</Filter>
    </ResourceCompile>
  </ItemGroup>
</Project>