<?xml version="1.0" encoding="utf-8"?>
<Project ToolsVersion="4.0" xmlns="http://schemas.microsoft.com/developer/msbuild/2003">
  <ItemGroup>
    <Filter Include="win32">
      <UniqueIdentifier>{84a8ebd7-7cf0-47f6-b75e-d441df67da40}</UniqueIdentifier>
    </Filter>
    <Filter Include="resource">
      <UniqueIdentifier>{715254bc-d70b-4ec5-bf29-467dd3ace079}</UniqueIdentifier>
    </Filter>
    <Filter Include="src">
      <UniqueIdentifier>{bb6c862e-70e9-49d9-81b7-3829a6f50471}</UniqueIdentifier>
    </Filter>
    <Filter Include="src\inputController">
      <UniqueIdentifier>{f2f17b3f-cdf6-4dae-9c3d-81e5ba4349f5}</UniqueIdentifier>
    </Filter>
    <Filter Include="src\inputController\keyboard">
      <UniqueIdentifier>{3e65e9f8-2ec8-4250-b4a2-59144edf4b25}</UniqueIdentifier>
    </Filter>
    <Filter Include="src\gameplay">
      <UniqueIdentifier>{3f7b34b6-2bf7-4b00-86e4-0c93def0c8fb}</UniqueIdentifier>
    </Filter>
    <Filter Include="src\mainMenu">
      <UniqueIdentifier>{cb37749c-bf9c-4796-b4fc-3d3c3b3faf23}</UniqueIdentifier>
    </Filter>
    <Filter Include="src\gameplay\actors">
      <UniqueIdentifier>{65be3844-414e-417b-8776-62d2a2e6ac06}</UniqueIdentifier>
    </Filter>
    <Filter Include="src\gameplay\actors\factory">
      <UniqueIdentifier>{ce90bc27-e5a1-48da-a11a-409a2eab9949}</UniqueIdentifier>
    </Filter>
    <Filter Include="src\gameplay\actors\hero">
      <UniqueIdentifier>{8c42526e-5377-4290-b4fc-953fe7e38137}</UniqueIdentifier>
    </Filter>
    <Filter Include="src\gameplay\actors\actions">
      <UniqueIdentifier>{95b0d67d-519b-4695-ba9d-a2cc91000c3a}</UniqueIdentifier>
    </Filter>
    <Filter Include="src\gameplay\scene">
      <UniqueIdentifier>{ed91fb64-0fa3-4a30-99fa-b51e7868221b}</UniqueIdentifier>
    </Filter>
    <Filter Include="src\gameplay\actors\baseActor">
      <UniqueIdentifier>{ae208004-095e-4d2c-85fc-88a373c82ee5}</UniqueIdentifier>
    </Filter>
    <Filter Include="src\inputController\mouse">
      <UniqueIdentifier>{810c0a98-6542-4e86-9cd2-7cb7857f36ca}</UniqueIdentifier>
    </Filter>
    <Filter Include="src\gameplay\actors\hero\weapon">
      <UniqueIdentifier>{d9e151c5-d571-4d4c-8c3c-bab4414d5ae8}</UniqueIdentifier>
    </Filter>
  </ItemGroup>
  <ItemGroup>
    <ClCompile Include="main.cpp">
      <Filter>win32</Filter>
    </ClCompile>
    <ClCompile Include="..\Classes\AppDelegate.cpp">
      <Filter>src</Filter>
    </ClCompile>
    <ClCompile Include="..\Classes\MainMenuScene.cpp">
      <Filter>src\mainMenu</Filter>
    </ClCompile>
    <ClCompile Include="..\Classes\KeyboardController.cpp">
      <Filter>src\inputController\keyboard</Filter>
    </ClCompile>
    <ClCompile Include="..\Classes\ActorFactory.cpp">
      <Filter>src\gameplay\actors\factory</Filter>
    </ClCompile>
    <ClCompile Include="..\Classes\Hero.cpp">
      <Filter>src\gameplay\actors\hero</Filter>
    </ClCompile>
    <ClCompile Include="..\Classes\ActionsController.cpp">
      <Filter>src\gameplay\actors\actions</Filter>
    </ClCompile>
    <ClCompile Include="..\Classes\GameplayScene.cpp">
      <Filter>src\gameplay\scene</Filter>
    </ClCompile>
    <ClCompile Include="..\Classes\GameActor.cpp">
      <Filter>src\gameplay\actors\baseActor</Filter>
    </ClCompile>
    <ClCompile Include="..\Classes\MouseController.cpp">
      <Filter>src\inputController\mouse</Filter>
    </ClCompile>
    <ClCompile Include="..\Classes\Weapon.cpp">
      <Filter>src\gameplay\actors\hero\weapon</Filter>
    </ClCompile>
  </ItemGroup>
  <ItemGroup>
    <ClInclude Include="main.h">
      <Filter>win32</Filter>
    </ClInclude>
    <ClInclude Include="..\Classes\AppDelegate.h">
      <Filter>src</Filter>
    </ClInclude>
    <ClInclude Include="..\Classes\MainMenuScene.h">
      <Filter>src\mainMenu</Filter>
    </ClInclude>
    <ClInclude Include="..\Classes\KeyboardController.h">
      <Filter>src\inputController\keyboard</Filter>
    </ClInclude>
    <ClInclude Include="..\Classes\ActorFactory.h">
      <Filter>src\gameplay\actors\factory</Filter>
    </ClInclude>
    <ClInclude Include="..\Classes\Hero.h">
      <Filter>src\gameplay\actors\hero</Filter>
    </ClInclude>
    <ClInclude Include="..\Classes\AssetConstants.h">
      <Filter>src</Filter>
    </ClInclude>
    <ClInclude Include="..\Classes\ActionsController.h">
      <Filter>src\gameplay\actors\actions</Filter>
    </ClInclude>
    <ClInclude Include="..\Classes\GameplayScene.h">
      <Filter>src\gameplay\scene</Filter>
    </ClInclude>
    <ClInclude Include="..\Classes\GameActor.h">
      <Filter>src\gameplay\actors\baseActor</Filter>
    </ClInclude>
    <ClInclude Include="..\Classes\MouseController.h">
      <Filter>src\inputController\mouse</Filter>
    </ClInclude>
    <ClInclude Include="..\Classes\Weapon.h">
      <Filter>src\gameplay\actors\hero\weapon</Filter>
    </ClInclude>
    <ClInclude Include="..\Classes\ActionState.h">
      <Filter>src\gameplay\actors\actions</Filter>
    </ClInclude>
  </ItemGroup>
  <ItemGroup>
    <ResourceCompile Include="game.rc">
      <Filter>resource</Filter>
    </ResourceCompile>
  </ItemGroup>
</Project>